
Microsoft Visual Studio Solution File, Format Version 12.00
# Visual Studio Version 17
VisualStudioVersion = 17.0.31903.59
MinimumVisualStudioVersion = 10.0.40219.1
Project("{FAE04EC0-301F-11D3-BF4B-00C04F79EFBC}") = "BlikonDrive.Core", "BlikonDrive.Core\BlikonDrive.Core.csproj", "{3F015598-3508-47E4-A459-3060D98DC3DF}"
EndProject
Project("{FAE04EC0-301F-11D3-BF4B-00C04F79EFBC}") = "BlikonDrive.Infrastructure", "BlikonDrive.Infrastructure\BlikonDrive.Infrastructure.csproj", "{84CA7EE2-C264-4A9E-92D7-FCC1076BC544}"
EndProject
Project("{FAE04EC0-301F-11D3-BF4B-00C04F79EFBC}") = "BlikonDrive.Api", "BlikonDrive.Api\BlikonDrive.Api.csproj", "{BB4206B2-CE10-4671-9FA0-A0DBD09985C5}"
EndProject
Project("{FAE04EC0-301F-11D3-BF4B-00C04F79EFBC}") = "BlikonDrive.Tests", "BlikonDrive.Tests\BlikonDrive.Tests.csproj", "{59A985E1-EF3D-4282-A4F2-C0758A1EAF1E}"
EndProject
Global
	GlobalSection(SolutionConfigurationPlatforms) = preSolution
		Debug|Any CPU = Debug|Any CPU
		Debug|x64 = Debug|x64
		Debug|x86 = Debug|x86
		Release|Any CPU = Release|Any CPU
		Release|x64 = Release|x64
		Release|x86 = Release|x86
	EndGlobalSection
	GlobalSection(ProjectConfigurationPlatforms) = postSolution
		{3F015598-3508-47E4-A459-3060D98DC3DF}.Debug|Any CPU.ActiveCfg = Debug|Any CPU
		{3F015598-3508-47E4-A459-3060D98DC3DF}.Debug|Any CPU.Build.0 = Debug|Any CPU
		{3F015598-3508-47E4-A459-3060D98DC3DF}.Debug|x64.ActiveCfg = Debug|Any CPU
		{3F015598-3508-47E4-A459-3060D98DC3DF}.Debug|x64.Build.0 = Debug|Any CPU
		{3F015598-3508-47E4-A459-3060D98DC3DF}.Debug|x86.ActiveCfg = Debug|Any CPU
		{3F015598-3508-47E4-A459-3060D98DC3DF}.Debug|x86.Build.0 = Debug|Any CPU
		{3F015598-3508-47E4-A459-3060D98DC3DF}.Release|Any CPU.ActiveCfg = Release|Any CPU
		{3F015598-3508-47E4-A459-3060D98DC3DF}.Release|Any CPU.Build.0 = Release|Any CPU
		{3F015598-3508-47E4-A459-3060D98DC3DF}.Release|x64.ActiveCfg = Release|Any CPU
		{3F015598-3508-47E4-A459-3060D98DC3DF}.Release|x64.Build.0 = Release|Any CPU
		{3F015598-3508-47E4-A459-3060D98DC3DF}.Release|x86.ActiveCfg = Release|Any CPU
		{3F015598-3508-47E4-A459-3060D98DC3DF}.Release|x86.Build.0 = Release|Any CPU
		{84CA7EE2-C264-4A9E-92D7-FCC1076BC544}.Debug|Any CPU.ActiveCfg = Debug|Any CPU
		{84CA7EE2-C264-4A9E-92D7-FCC1076BC544}.Debug|Any CPU.Build.0 = Debug|Any CPU
		{84CA7EE2-C264-4A9E-92D7-FCC1076BC544}.Debug|x64.ActiveCfg = Debug|Any CPU
		{84CA7EE2-C264-4A9E-92D7-FCC1076BC544}.Debug|x64.Build.0 = Debug|Any CPU
		{84CA7EE2-C264-4A9E-92D7-FCC1076BC544}.Debug|x86.ActiveCfg = Debug|Any CPU
		{84CA7EE2-C264-4A9E-92D7-FCC1076BC544}.Debug|x86.Build.0 = Debug|Any CPU
		{84CA7EE2-C264-4A9E-92D7-FCC1076BC544}.Release|Any CPU.ActiveCfg = Release|Any CPU
		{84CA7EE2-C264-4A9E-92D7-FCC1076BC544}.Release|Any CPU.Build.0 = Release|Any CPU
		{84CA7EE2-C264-4A9E-92D7-FCC1076BC544}.Release|x64.ActiveCfg = Release|Any CPU
		{84CA7EE2-C264-4A9E-92D7-FCC1076BC544}.Release|x64.Build.0 = Release|Any CPU
		{84CA7EE2-C264-4A9E-92D7-FCC1076BC544}.Release|x86.ActiveCfg = Release|Any CPU
		{84CA7EE2-C264-4A9E-92D7-FCC1076BC544}.Release|x86.Build.0 = Release|Any CPU
		{BB4206B2-CE10-4671-9FA0-A0DBD09985C5}.Debug|Any CPU.ActiveCfg = Debug|Any CPU
		{BB4206B2-CE10-4671-9FA0-A0DBD09985C5}.Debug|Any CPU.Build.0 = Debug|Any CPU
		{BB4206B2-CE10-4671-9FA0-A0DBD09985C5}.Debug|x64.ActiveCfg = Debug|Any CPU
		{BB4206B2-CE10-4671-9FA0-A0DBD09985C5}.Debug|x64.Build.0 = Debug|Any CPU
		{BB4206B2-CE10-4671-9FA0-A0DBD09985C5}.Debug|x86.ActiveCfg = Debug|Any CPU
		{BB4206B2-CE10-4671-9FA0-A0DBD09985C5}.Debug|x86.Build.0 = Debug|Any CPU
		{BB4206B2-CE10-4671-9FA0-A0DBD09985C5}.Release|Any CPU.ActiveCfg = Release|Any CPU
		{BB4206B2-CE10-4671-9FA0-A0DBD09985C5}.Release|Any CPU.Build.0 = Release|Any CPU
		{BB4206B2-CE10-4671-9FA0-A0DBD09985C5}.Release|x64.ActiveCfg = Release|Any CPU
		{BB4206B2-CE10-4671-9FA0-A0DBD09985C5}.Release|x64.Build.0 = Release|Any CPU
		{BB4206B2-CE10-4671-9FA0-A0DBD09985C5}.Release|x86.ActiveCfg = Release|Any CPU
		{BB4206B2-CE10-4671-9FA0-A0DBD09985C5}.Release|x86.Build.0 = Release|Any CPU
		{59A985E1-EF3D-4282-A4F2-C0758A1EAF1E}.Debug|Any CPU.ActiveCfg = Debug|Any CPU
		{59A985E1-EF3D-4282-A4F2-C0758A1EAF1E}.Debug|Any CPU.Build.0 = Debug|Any CPU
		{59A985E1-EF3D-4282-A4F2-C0758A1EAF1E}.Debug|x64.ActiveCfg = Debug|Any CPU
		{59A985E1-EF3D-4282-A4F2-C0758A1EAF1E}.Debug|x64.Build.0 = Debug|Any CPU
		{59A985E1-EF3D-4282-A4F2-C0758A1EAF1E}.Debug|x86.ActiveCfg = Debug|Any CPU
		{59A985E1-EF3D-4282-A4F2-C0758A1EAF1E}.Debug|x86.Build.0 = Debug|Any CPU
		{59A985E1-EF3D-4282-A4F2-C0758A1EAF1E}.Release|Any CPU.ActiveCfg = Release|Any CPU
		{59A985E1-EF3D-4282-A4F2-C0758A1EAF1E}.Release|Any CPU.Build.0 = Release|Any CPU
		{59A985E1-EF3D-4282-A4F2-C0758A1EAF1E}.Release|x64.ActiveCfg = Release|Any CPU
		{59A985E1-EF3D-4282-A4F2-C0758A1EAF1E}.Release|x64.Build.0 = Release|Any CPU
		{59A985E1-EF3D-4282-A4F2-C0758A1EAF1E}.Release|x86.ActiveCfg = Release|Any CPU
		{59A985E1-EF3D-4282-A4F2-C0758A1EAF1E}.Release|x86.Build.0 = Release|Any CPU
	EndGlobalSection
	GlobalSection(SolutionProperties) = preSolution
		HideSolutionNode = FALSE
	EndGlobalSection
EndGlobal
